<?xml version="1.0" encoding="utf-8"?>
<Project ToolsVersion="17.0" xmlns="http://schemas.microsoft.com/developer/msbuild/2003">
  <ItemGroup>
    <CustomBuild Include="C:\Users\jimbo\source\cigi-ccl_4_0\build\windows\debug\CMakeFiles\9157962c6de0588187a19aa87ac90e04\INSTALL_force.rule">
      <Filter>CMake Rules</Filter>
    </CustomBuild>
  </ItemGroup>
  <ItemGroup>
    <Filter Include="CMake Rules">
      <UniqueIdentifier>{EF5B2111-7A81-3419-809B-92414DF81041}</UniqueIdentifier>
    </Filter>
  </ItemGroup>
</Project>
