<?xml version="1.0" encoding="utf-8"?>
<Project ToolsVersion="17.0" xmlns="http://schemas.microsoft.com/developer/msbuild/2003">
  <ItemGroup>
    <ClCompile Include="C:\Users\jimbo\source\cigi-ccl_4_0\examples\CigiDummyIG\DefaultProc.cpp">
      <Filter>Source Files</Filter>
    </ClCompile>
    <ClCompile Include="C:\Users\jimbo\source\cigi-ccl_4_0\examples\CigiDummyIG\DummyIG.cpp">
      <Filter>Source Files</Filter>
    </ClCompile>
    <ClCompile Include="C:\Users\jimbo\source\cigi-ccl_4_0\examples\CigiDummyIG\Network.cpp">
      <Filter>Source Files</Filter>
    </ClCompile>
    <ClCompile Include="C:\Users\jimbo\source\cigi-ccl_4_0\examples\CigiDummyIG\XArtPartCtrl.cpp">
      <Filter>Source Files</Filter>
    </ClCompile>
    <ClCompile Include="C:\Users\jimbo\source\cigi-ccl_4_0\examples\CigiDummyIG\XAtmosCtrl.cpp">
      <Filter>Source Files</Filter>
    </ClCompile>
    <ClCompile Include="C:\Users\jimbo\source\cigi-ccl_4_0\examples\CigiDummyIG\XCelestialCtrl.cpp">
      <Filter>Source Files</Filter>
    </ClCompile>
    <ClCompile Include="C:\Users\jimbo\source\cigi-ccl_4_0\examples\CigiDummyIG\XCollDetSegDef.cpp">
      <Filter>Source Files</Filter>
    </ClCompile>
    <ClCompile Include="C:\Users\jimbo\source\cigi-ccl_4_0\examples\CigiDummyIG\XCollDetVolDef.cpp">
      <Filter>Source Files</Filter>
    </ClCompile>
    <ClCompile Include="C:\Users\jimbo\source\cigi-ccl_4_0\examples\CigiDummyIG\XCompCtrl.cpp">
      <Filter>Source Files</Filter>
    </ClCompile>
    <ClCompile Include="C:\Users\jimbo\source\cigi-ccl_4_0\examples\CigiDummyIG\XConfClampEntityCtrl.cpp">
      <Filter>Source Files</Filter>
    </ClCompile>
    <ClCompile Include="C:\Users\jimbo\source\cigi-ccl_4_0\examples\CigiDummyIG\XEarthModelDef.cpp">
      <Filter>Source Files</Filter>
    </ClCompile>
    <ClCompile Include="C:\Users\jimbo\source\cigi-ccl_4_0\examples\CigiDummyIG\XEntityCtrl.cpp">
      <Filter>Source Files</Filter>
    </ClCompile>
    <ClCompile Include="C:\Users\jimbo\source\cigi-ccl_4_0\examples\CigiDummyIG\XEnvCondReq.cpp">
      <Filter>Source Files</Filter>
    </ClCompile>
    <ClCompile Include="C:\Users\jimbo\source\cigi-ccl_4_0\examples\CigiDummyIG\XEnvRgnCtrl.cpp">
      <Filter>Source Files</Filter>
    </ClCompile>
    <ClCompile Include="C:\Users\jimbo\source\cigi-ccl_4_0\examples\CigiDummyIG\XEventNotification.cpp">
      <Filter>Source Files</Filter>
    </ClCompile>
    <ClCompile Include="C:\Users\jimbo\source\cigi-ccl_4_0\examples\CigiDummyIG\XHatHotReq.cpp">
      <Filter>Source Files</Filter>
    </ClCompile>
    <ClCompile Include="C:\Users\jimbo\source\cigi-ccl_4_0\examples\CigiDummyIG\XIGCtrl.cpp">
      <Filter>Source Files</Filter>
    </ClCompile>
    <ClCompile Include="C:\Users\jimbo\source\cigi-ccl_4_0\examples\CigiDummyIG\XLosSegReq.cpp">
      <Filter>Source Files</Filter>
    </ClCompile>
    <ClCompile Include="C:\Users\jimbo\source\cigi-ccl_4_0\examples\CigiDummyIG\XLosVectReq.cpp">
      <Filter>Source Files</Filter>
    </ClCompile>
    <ClCompile Include="C:\Users\jimbo\source\cigi-ccl_4_0\examples\CigiDummyIG\XMaritimeSurfaceCtrl.cpp">
      <Filter>Source Files</Filter>
    </ClCompile>
    <ClCompile Include="C:\Users\jimbo\source\cigi-ccl_4_0\examples\CigiDummyIG\XMotionTrackCtrl.cpp">
      <Filter>Source Files</Filter>
    </ClCompile>
    <ClCompile Include="C:\Users\jimbo\source\cigi-ccl_4_0\examples\CigiDummyIG\XPostionReq.cpp">
      <Filter>Source Files</Filter>
    </ClCompile>
    <ClCompile Include="C:\Users\jimbo\source\cigi-ccl_4_0\examples\CigiDummyIG\XRateCtrl.cpp">
      <Filter>Source Files</Filter>
    </ClCompile>
    <ClCompile Include="C:\Users\jimbo\source\cigi-ccl_4_0\examples\CigiDummyIG\XSensorCtrl.cpp">
      <Filter>Source Files</Filter>
    </ClCompile>
    <ClCompile Include="C:\Users\jimbo\source\cigi-ccl_4_0\examples\CigiDummyIG\XShortArtPartCtrl.cpp">
      <Filter>Source Files</Filter>
    </ClCompile>
    <ClCompile Include="C:\Users\jimbo\source\cigi-ccl_4_0\examples\CigiDummyIG\XShortCompCtrl.cpp">
      <Filter>Source Files</Filter>
    </ClCompile>
    <ClCompile Include="C:\Users\jimbo\source\cigi-ccl_4_0\examples\CigiDummyIG\XShortSymbolCtrlV3_3.cpp">
      <Filter>Source Files</Filter>
    </ClCompile>
    <ClCompile Include="C:\Users\jimbo\source\cigi-ccl_4_0\examples\CigiDummyIG\XSymbolCircleDefV3_3.cpp">
      <Filter>Source Files</Filter>
    </ClCompile>
    <ClCompile Include="C:\Users\jimbo\source\cigi-ccl_4_0\examples\CigiDummyIG\XSymbolCloneV3_3.cpp">
      <Filter>Source Files</Filter>
    </ClCompile>
    <ClCompile Include="C:\Users\jimbo\source\cigi-ccl_4_0\examples\CigiDummyIG\XSymbolCtrlV3_3.cpp">
      <Filter>Source Files</Filter>
    </ClCompile>
    <ClCompile Include="C:\Users\jimbo\source\cigi-ccl_4_0\examples\CigiDummyIG\XSymbolLineDefV3_3.cpp">
      <Filter>Source Files</Filter>
    </ClCompile>
    <ClCompile Include="C:\Users\jimbo\source\cigi-ccl_4_0\examples\CigiDummyIG\XSymbolSurfaceDefV3_3.cpp">
      <Filter>Source Files</Filter>
    </ClCompile>
    <ClCompile Include="C:\Users\jimbo\source\cigi-ccl_4_0\examples\CigiDummyIG\XSymbolTextDefV3_3.cpp">
      <Filter>Source Files</Filter>
    </ClCompile>
    <ClCompile Include="C:\Users\jimbo\source\cigi-ccl_4_0\examples\CigiDummyIG\XTerrestrialSurfaceCtrl.cpp">
      <Filter>Source Files</Filter>
    </ClCompile>
    <ClCompile Include="C:\Users\jimbo\source\cigi-ccl_4_0\examples\CigiDummyIG\XTrajectory.cpp">
      <Filter>Source Files</Filter>
    </ClCompile>
    <ClCompile Include="C:\Users\jimbo\source\cigi-ccl_4_0\examples\CigiDummyIG\XViewCtrl.cpp">
      <Filter>Source Files</Filter>
    </ClCompile>
    <ClCompile Include="C:\Users\jimbo\source\cigi-ccl_4_0\examples\CigiDummyIG\XViewDef.cpp">
      <Filter>Source Files</Filter>
    </ClCompile>
    <ClCompile Include="C:\Users\jimbo\source\cigi-ccl_4_0\examples\CigiDummyIG\XWaveCtrl.cpp">
      <Filter>Source Files</Filter>
    </ClCompile>
    <ClCompile Include="C:\Users\jimbo\source\cigi-ccl_4_0\examples\CigiDummyIG\XWeatherCtrl.cpp">
      <Filter>Source Files</Filter>
    </ClCompile>
  </ItemGroup>
  <ItemGroup>
    <CustomBuild Include="C:\Users\jimbo\source\cigi-ccl_4_0\examples\CigiDummyIG\CMakeLists.txt" />
  </ItemGroup>
  <ItemGroup>
    <Filter Include="Source Files">
      <UniqueIdentifier>{C1630777-8A5F-325B-955C-9EF65696AFD9}</UniqueIdentifier>
    </Filter>
  </ItemGroup>
</Project>
